
Microsoft Visual Studio Solution File, Format Version 12.00
# Visual Studio Version 17
VisualStudioVersion = 17.7.34024.191
MinimumVisualStudioVersion = 10.0.40219.1
Project("{FAE04EC0-301F-11D3-BF4B-00C04F79EFBC}") = "EntradaDeDados", "EntradaDeDados\EntradaDeDados.csproj", "{56C660D1-0117-4C92-908F-7C405EF33509}"
EndProject
Global
	GlobalSection(SolutionConfigurationPlatforms) = preSolution
		Debug|Any CPU = Debug|Any CPU
		Release|Any CPU = Release|Any CPU
	EndGlobalSection
	GlobalSection(ProjectConfigurationPlatforms) = postSolution
		{56C660D1-0117-4C92-908F-7C405EF33509}.Debug|Any CPU.ActiveCfg = Debug|Any CPU
		{56C660D1-0117-4C92-908F-7C405EF33509}.Debug|Any CPU.Build.0 = Debug|Any CPU
		{56C660D1-0117-4C92-908F-7C405EF33509}.Release|Any CPU.ActiveCfg = Release|Any CPU
		{56C660D1-0117-4C92-908F-7C405EF33509}.Release|Any CPU.Build.0 = Release|Any CPU
	EndGlobalSection
	GlobalSection(SolutionProperties) = preSolution
		HideSolutionNode = FALSE
	EndGlobalSection
	GlobalSection(ExtensibilityGlobals) = postSolution
		SolutionGuid = {B861567C-2699-4BE0-AF7F-008FFB01EB83}
	EndGlobalSection
EndGlobal
