
Microsoft Visual Studio Solution File, Format Version 12.00
# Visual Studio Version 17
VisualStudioVersion = 17.7.34024.191
MinimumVisualStudioVersion = 10.0.40219.1
Project("{FAE04EC0-301F-11D3-BF4B-00C04F79EFBC}") = "ExerciciosSequenciaDeDados", "ExerciciosSequenciaDeDados\ExerciciosSequenciaDeDados.csproj", "{11B6345A-6C86-4295-ADA9-79E0B21BC5AA}"
EndProject
Global
	GlobalSection(SolutionConfigurationPlatforms) = preSolution
		Debug|Any CPU = Debug|Any CPU
		Release|Any CPU = Release|Any CPU
	EndGlobalSection
	GlobalSection(ProjectConfigurationPlatforms) = postSolution
		{11B6345A-6C86-4295-ADA9-79E0B21BC5AA}.Debug|Any CPU.ActiveCfg = Debug|Any CPU
		{11B6345A-6C86-4295-ADA9-79E0B21BC5AA}.Debug|Any CPU.Build.0 = Debug|Any CPU
		{11B6345A-6C86-4295-ADA9-79E0B21BC5AA}.Release|Any CPU.ActiveCfg = Release|Any CPU
		{11B6345A-6C86-4295-ADA9-79E0B21BC5AA}.Release|Any CPU.Build.0 = Release|Any CPU
	EndGlobalSection
	GlobalSection(SolutionProperties) = preSolution
		HideSolutionNode = FALSE
	EndGlobalSection
	GlobalSection(ExtensibilityGlobals) = postSolution
		SolutionGuid = {3A8A4FD1-AEDC-4817-8374-4173DA1396D8}
	EndGlobalSection
EndGlobal
